
Microsoft Visual Studio Solution File, Format Version 12.00
# Visual Studio 15
VisualStudioVersion = 15.0.27705.2000
MinimumVisualStudioVersion = 10.0.40219.1
Project("{9A19103F-16F7-4668-BE54-9A1E7A4F7556}") = "apisee", "apisee.csproj", "{63E36AF6-4096-442F-B575-BCF4F5B37E19}"
EndProject
Global
	GlobalSection(SolutionConfigurationPlatforms) = preSolution
		Debug|Any CPU = Debug|Any CPU
		Release|Any CPU = Release|Any CPU
	EndGlobalSection
	GlobalSection(ProjectConfigurationPlatforms) = postSolution
		{63E36AF6-4096-442F-B575-BCF4F5B37E19}.Debug|Any CPU.ActiveCfg = Debug|Any CPU
		{63E36AF6-4096-442F-B575-BCF4F5B37E19}.Debug|Any CPU.Build.0 = Debug|Any CPU
		{63E36AF6-4096-442F-B575-BCF4F5B37E19}.Release|Any CPU.ActiveCfg = Release|Any CPU
		{63E36AF6-4096-442F-B575-BCF4F5B37E19}.Release|Any CPU.Build.0 = Release|Any CPU
	EndGlobalSection
	GlobalSection(SolutionProperties) = preSolution
		HideSolutionNode = FALSE
	EndGlobalSection
	GlobalSection(ExtensibilityGlobals) = postSolution
		SolutionGuid = {41C70F24-7AED-4157-80F4-D4B9095C1A5E}
	EndGlobalSection
EndGlobal
